
Microsoft Visual Studio Solution File, Format Version 12.00
# Visual Studio Version 16
VisualStudioVersion = 16.0.31019.35
MinimumVisualStudioVersion = 10.0.40219.1
Project("{FAE04EC0-301F-11D3-BF4B-00C04F79EFBC}") = "Intubation-Dummy-Desktop-Monitor", "Intubation-Dummy-Desktop-Monitor.csproj", "{E0AC313B-1031-4B2D-AC49-3C4FAAA18007}"
EndProject
Global
	GlobalSection(SolutionConfigurationPlatforms) = preSolution
		Debug|Any CPU = Debug|Any CPU
		Release|Any CPU = Release|Any CPU
	EndGlobalSection
	GlobalSection(ProjectConfigurationPlatforms) = postSolution
		{E0AC313B-1031-4B2D-AC49-3C4FAAA18007}.Debug|Any CPU.ActiveCfg = Debug|Any CPU
		{E0AC313B-1031-4B2D-AC49-3C4FAAA18007}.Debug|Any CPU.Build.0 = Debug|Any CPU
		{E0AC313B-1031-4B2D-AC49-3C4FAAA18007}.Release|Any CPU.ActiveCfg = Release|Any CPU
		{E0AC313B-1031-4B2D-AC49-3C4FAAA18007}.Release|Any CPU.Build.0 = Release|Any CPU
	EndGlobalSection
	GlobalSection(SolutionProperties) = preSolution
		HideSolutionNode = FALSE
	EndGlobalSection
	GlobalSection(ExtensibilityGlobals) = postSolution
		SolutionGuid = {26BFE4B0-13DD-453E-840A-A5D3765FFC8F}
	EndGlobalSection
EndGlobal
